
Microsoft Visual Studio Solution File, Format Version 12.00
# Visual Studio Version 17
VisualStudioVersion = 17.8.34322.80
MinimumVisualStudioVersion = 10.0.40219.1
Project("{FAE04EC0-301F-11D3-BF4B-00C04F79EFBC}") = "Yahtzee", "Yahtzee\Yahtzee.csproj", "{986673DC-98FB-406B-93BE-51382EFC7F75}"
EndProject
Global
	GlobalSection(SolutionConfigurationPlatforms) = preSolution
		Debug|Any CPU = Debug|Any CPU
		Release|Any CPU = Release|Any CPU
	EndGlobalSection
	GlobalSection(ProjectConfigurationPlatforms) = postSolution
		{986673DC-98FB-406B-93BE-51382EFC7F75}.Debug|Any CPU.ActiveCfg = Debug|Any CPU
		{986673DC-98FB-406B-93BE-51382EFC7F75}.Debug|Any CPU.Build.0 = Debug|Any CPU
		{986673DC-98FB-406B-93BE-51382EFC7F75}.Release|Any CPU.ActiveCfg = Release|Any CPU
		{986673DC-98FB-406B-93BE-51382EFC7F75}.Release|Any CPU.Build.0 = Release|Any CPU
	EndGlobalSection
	GlobalSection(SolutionProperties) = preSolution
		HideSolutionNode = FALSE
	EndGlobalSection
	GlobalSection(ExtensibilityGlobals) = postSolution
		SolutionGuid = {945DA75F-6B9E-43CA-B5B9-69006233DA3F}
	EndGlobalSection
EndGlobal
